
Microsoft Visual Studio Solution File, Format Version 12.00
# Visual Studio 15
VisualStudioVersion = 15.0.27703.2026
MinimumVisualStudioVersion = 10.0.40219.1
Project("{D2ABAB84-BF74-430A-B69E-9DC6D40DDA17}") = "SSAS BI videos refresher_Study", "SSAS BI videos refresher_Study\SSAS BI videos refresher_Study.dwproj", "{19AED5F2-16A3-4009-B825-DE0AD8D2552D}"
EndProject
Global
	GlobalSection(SolutionConfigurationPlatforms) = preSolution
		Development|Default = Development|Default
	EndGlobalSection
	GlobalSection(ProjectConfigurationPlatforms) = postSolution
		{19AED5F2-16A3-4009-B825-DE0AD8D2552D}.Development|Default.ActiveCfg = Development
		{19AED5F2-16A3-4009-B825-DE0AD8D2552D}.Development|Default.Build.0 = Development
		{19AED5F2-16A3-4009-B825-DE0AD8D2552D}.Development|Default.Deploy.0 = Development
	EndGlobalSection
	GlobalSection(SolutionProperties) = preSolution
		HideSolutionNode = FALSE
	EndGlobalSection
	GlobalSection(ExtensibilityGlobals) = postSolution
		SolutionGuid = {A5BAD0A3-F212-4484-902A-B8CB17E1FF8A}
	EndGlobalSection
EndGlobal
